
Microsoft Visual Studio Solution File, Format Version 12.00
# Visual Studio Version 16
VisualStudioVersion = 16.0.29609.76
MinimumVisualStudioVersion = 10.0.40219.1
Project("{FAE04EC0-301F-11D3-BF4B-00C04F79EFBC}") = "IntroductiontoC", "IntroductiontoC\IntroductiontoC.csproj", "{706B1216-0AB4-4A4B-A717-D47F6520D6EC}"
EndProject
Global
	GlobalSection(SolutionConfigurationPlatforms) = preSolution
		Debug|Any CPU = Debug|Any CPU
		Release|Any CPU = Release|Any CPU
	EndGlobalSection
	GlobalSection(ProjectConfigurationPlatforms) = postSolution
		{706B1216-0AB4-4A4B-A717-D47F6520D6EC}.Debug|Any CPU.ActiveCfg = Debug|Any CPU
		{706B1216-0AB4-4A4B-A717-D47F6520D6EC}.Debug|Any CPU.Build.0 = Debug|Any CPU
		{706B1216-0AB4-4A4B-A717-D47F6520D6EC}.Release|Any CPU.ActiveCfg = Release|Any CPU
		{706B1216-0AB4-4A4B-A717-D47F6520D6EC}.Release|Any CPU.Build.0 = Release|Any CPU
	EndGlobalSection
	GlobalSection(SolutionProperties) = preSolution
		HideSolutionNode = FALSE
	EndGlobalSection
	GlobalSection(ExtensibilityGlobals) = postSolution
		SolutionGuid = {812A8EB7-A3FD-4472-A1EA-247B91CA48D9}
	EndGlobalSection
EndGlobal
