
Microsoft Visual Studio Solution File, Format Version 12.00
# Visual Studio Version 16
VisualStudioVersion = 16.0.29709.97
MinimumVisualStudioVersion = 10.0.40219.1
Project("{FAE04EC0-301F-11D3-BF4B-00C04F79EFBC}") = "Batch20WebApp", "Batch20WebApp\Batch20WebApp.csproj", "{5E53101B-310E-4CEF-8463-A27DC5BBB49D}"
EndProject
Global
	GlobalSection(SolutionConfigurationPlatforms) = preSolution
		Debug|Any CPU = Debug|Any CPU
		Release|Any CPU = Release|Any CPU
	EndGlobalSection
	GlobalSection(ProjectConfigurationPlatforms) = postSolution
		{5E53101B-310E-4CEF-8463-A27DC5BBB49D}.Debug|Any CPU.ActiveCfg = Debug|Any CPU
		{5E53101B-310E-4CEF-8463-A27DC5BBB49D}.Debug|Any CPU.Build.0 = Debug|Any CPU
		{5E53101B-310E-4CEF-8463-A27DC5BBB49D}.Release|Any CPU.ActiveCfg = Release|Any CPU
		{5E53101B-310E-4CEF-8463-A27DC5BBB49D}.Release|Any CPU.Build.0 = Release|Any CPU
	EndGlobalSection
	GlobalSection(SolutionProperties) = preSolution
		HideSolutionNode = FALSE
	EndGlobalSection
	GlobalSection(ExtensibilityGlobals) = postSolution
		SolutionGuid = {F732362D-5EA0-4C51-96C5-6E3C2227A421}
	EndGlobalSection
EndGlobal
