
Microsoft Visual Studio Solution File, Format Version 12.00
# Visual Studio 15
Project("{FAE04EC0-301F-11D3-BF4B-00C04F79EFBC}") = "IntrotoCSharp", "IntrotoCSharp\IntrotoCSharp.csproj", "{0DE0E20D-55B9-4BBB-9BC6-8A28177F7A58}"
EndProject
Global
	GlobalSection(SolutionConfigurationPlatforms) = preSolution
		Debug|anycpu = Debug|anycpu
		Release|anycpu = Release|anycpu
	EndGlobalSection
	GlobalSection(ProjectConfigurationPlatforms) = postSolution
		{0DE0E20D-55B9-4BBB-9BC6-8A28177F7A58}.Debug|anycpu.ActiveCfg = Debug|anycpu
		{0DE0E20D-55B9-4BBB-9BC6-8A28177F7A58}.Debug|anycpu.Build.0 = Debug|anycpu
		{0DE0E20D-55B9-4BBB-9BC6-8A28177F7A58}.Release|anycpu.ActiveCfg = Release|anycpu
		{0DE0E20D-55B9-4BBB-9BC6-8A28177F7A58}.Release|anycpu.Build.0 = Release|anycpu
	EndGlobalSection
EndGlobal
